
Microsoft Visual Studio Solution File, Format Version 12.00
# Visual Studio Version 16
VisualStudioVersion = 16.0.30413.136
MinimumVisualStudioVersion = 15.0.26124.0
Project("{9A19103F-16F7-4668-BE54-9A1E7A4F7556}") = "StarCannon", "StarCannon\StarCannon.csproj", "{B6925216-EB31-4DE0-B9DC-166523E59F76}"
EndProject
Project("{9A19103F-16F7-4668-BE54-9A1E7A4F7556}") = "StarCannon.Test", "StarCannon.Test\StarCannon.Test.csproj", "{8C340AC1-0B85-4BA1-8593-C4A29F824A67}"
EndProject
Project("{2150E333-8FDC-42A3-9474-1A3956D46DE8}") = "Solution Items", "Solution Items", "{70A52C85-F5D7-4751-A9CE-49F0E5D99B46}"
	ProjectSection(SolutionItems) = preProject
		readme.md = readme.md
	EndProjectSection
EndProject
Global
	GlobalSection(SolutionConfigurationPlatforms) = preSolution
		Debug|Any CPU = Debug|Any CPU
		Debug|x64 = Debug|x64
		Debug|x86 = Debug|x86
		Release|Any CPU = Release|Any CPU
		Release|x64 = Release|x64
		Release|x86 = Release|x86
	EndGlobalSection
	GlobalSection(ProjectConfigurationPlatforms) = postSolution
		{B6925216-EB31-4DE0-B9DC-166523E59F76}.Debug|Any CPU.ActiveCfg = Debug|Any CPU
		{B6925216-EB31-4DE0-B9DC-166523E59F76}.Debug|Any CPU.Build.0 = Debug|Any CPU
		{B6925216-EB31-4DE0-B9DC-166523E59F76}.Debug|x64.ActiveCfg = Debug|Any CPU
		{B6925216-EB31-4DE0-B9DC-166523E59F76}.Debug|x64.Build.0 = Debug|Any CPU
		{B6925216-EB31-4DE0-B9DC-166523E59F76}.Debug|x86.ActiveCfg = Debug|Any CPU
		{B6925216-EB31-4DE0-B9DC-166523E59F76}.Debug|x86.Build.0 = Debug|Any CPU
		{B6925216-EB31-4DE0-B9DC-166523E59F76}.Release|Any CPU.ActiveCfg = Release|Any CPU
		{B6925216-EB31-4DE0-B9DC-166523E59F76}.Release|Any CPU.Build.0 = Release|Any CPU
		{B6925216-EB31-4DE0-B9DC-166523E59F76}.Release|x64.ActiveCfg = Release|Any CPU
		{B6925216-EB31-4DE0-B9DC-166523E59F76}.Release|x64.Build.0 = Release|Any CPU
		{B6925216-EB31-4DE0-B9DC-166523E59F76}.Release|x86.ActiveCfg = Release|Any CPU
		{B6925216-EB31-4DE0-B9DC-166523E59F76}.Release|x86.Build.0 = Release|Any CPU
		{8C340AC1-0B85-4BA1-8593-C4A29F824A67}.Debug|Any CPU.ActiveCfg = Debug|Any CPU
		{8C340AC1-0B85-4BA1-8593-C4A29F824A67}.Debug|Any CPU.Build.0 = Debug|Any CPU
		{8C340AC1-0B85-4BA1-8593-C4A29F824A67}.Debug|x64.ActiveCfg = Debug|Any CPU
		{8C340AC1-0B85-4BA1-8593-C4A29F824A67}.Debug|x64.Build.0 = Debug|Any CPU
		{8C340AC1-0B85-4BA1-8593-C4A29F824A67}.Debug|x86.ActiveCfg = Debug|Any CPU
		{8C340AC1-0B85-4BA1-8593-C4A29F824A67}.Debug|x86.Build.0 = Debug|Any CPU
		{8C340AC1-0B85-4BA1-8593-C4A29F824A67}.Release|Any CPU.ActiveCfg = Release|Any CPU
		{8C340AC1-0B85-4BA1-8593-C4A29F824A67}.Release|Any CPU.Build.0 = Release|Any CPU
		{8C340AC1-0B85-4BA1-8593-C4A29F824A67}.Release|x64.ActiveCfg = Release|Any CPU
		{8C340AC1-0B85-4BA1-8593-C4A29F824A67}.Release|x64.Build.0 = Release|Any CPU
		{8C340AC1-0B85-4BA1-8593-C4A29F824A67}.Release|x86.ActiveCfg = Release|Any CPU
		{8C340AC1-0B85-4BA1-8593-C4A29F824A67}.Release|x86.Build.0 = Release|Any CPU
	EndGlobalSection
	GlobalSection(SolutionProperties) = preSolution
		HideSolutionNode = FALSE
	EndGlobalSection
	GlobalSection(ExtensibilityGlobals) = postSolution
		SolutionGuid = {66842A84-45CF-4C38-AAA5-1AC058980431}
	EndGlobalSection
EndGlobal
